// !$*UTF8*$!
{
	archiveVersion = 1;
	classes = {
	};
	objectVersion = 46;
	objects = {

/* Begin PBXBuildFile section */
		DC4291481AB6F54700EC757D /* testDragonPod.h in CopyFiles */ = {isa = PBXBuildFile; fileRef = DC4291471AB6F54700EC757D /* testDragonPod.h */; };
		DC42914A1AB6F54700EC757D /* testDragonPod.m in Sources */ = {isa = PBXBuildFile; fileRef = DC4291491AB6F54700EC757D /* testDragonPod.m */; };
		DC4291501AB6F54700EC757D /* libtestDragonPod.a in Frameworks */ = {isa = PBXBuildFile; fileRef = DC4291441AB6F54700EC757D /* libtestDragonPod.a */; };
/* End PBXBuildFile section */

/* Begin PBXContainerItemProxy section */
		DC4291511AB6F54700EC757D /* PBXContainerItemProxy */ = {
			isa = PBXContainerItemProxy;
			containerPortal = DC42913C1AB6F54700EC757D /* Project object */;
			proxyType = 1;
			remoteGlobalIDString = DC4291431AB6F54700EC757D;
			remoteInfo = testDragonPod;
		};
/* End PBXContainerItemProxy section */

/* Begin PBXCopyFilesBuildPhase section */
		DC4291421AB6F54700EC757D /* CopyFiles */ = {
			isa = PBXCopyFilesBuildPhase;
			buildActionMask = 2147483647;
			dstPath = "include/$(PRODUCT_NAME)";
			dstSubfolderSpec = 16;
			files = (
				DC4291481AB6F54700EC757D /* testDragonPod.h in CopyFiles */,
			);
			runOnlyForDeploymentPostprocessing = 0;
		};
/* End PBXCopyFilesBuildPhase section */

/* Begin PBXFileReference section */
		DC4291441AB6F54700EC757D /* libtestDragonPod.a */ = {isa = PBXFileReference; explicitFileType = archive.ar; includeInIndex = 0; path = libtestDragonPod.a; sourceTree = BUILT_PRODUCTS_DIR; };
		DC4291471AB6F54700EC757D /* testDragonPod.h */ = {isa = PBXFileReference; lastKnownFileType = sourcecode.c.h; path = testDragonPod.h; sourceTree = "<group>"; };
		DC4291491AB6F54700EC757D /* testDragonPod.m */ = {isa = PBXFileReference; lastKnownFileType = sourcecode.c.objc; path = testDragonPod.m; sourceTree = "<group>"; };
		DC42914F1AB6F54700EC757D /* testDragonPodTests.xctest */ = {isa = PBXFileReference; explicitFileType = wrapper.cfbundle; includeInIndex = 0; path = testDragonPodTests.xctest; sourceTree = BUILT_PRODUCTS_DIR; };
		DC4291551AB6F54700EC757D /* Info.plist */ = {isa = PBXFileReference; lastKnownFileType = text.plist.xml; path = Info.plist; sourceTree = "<group>"; };
/* End PBXFileReference section */

/* Begin PBXFrameworksBuildPhase section */
		DC4291411AB6F54700EC757D /* Frameworks */ = {
			isa = PBXFrameworksBuildPhase;
			buildActionMask = 2147483647;
			files = (
			);
			runOnlyForDeploymentPostprocessing = 0;
		};
		DC42914C1AB6F54700EC757D /* Frameworks */ = {
			isa = PBXFrameworksBuildPhase;
			buildActionMask = 2147483647;
			files = (
				DC4291501AB6F54700EC757D /* libtestDragonPod.a in Frameworks */,
			);
			runOnlyForDeploymentPostprocessing = 0;
		};
/* End PBXFrameworksBuildPhase section */

/* Begin PBXGroup section */
		DC42913B1AB6F54700EC757D = {
			isa = PBXGroup;
			children = (
				DC4291461AB6F54700EC757D /* testDragonPod */,
				DC4291531AB6F54700EC757D /* testDragonPodTests */,
				DC4291451AB6F54700EC757D /* Products */,
			);
			sourceTree = "<group>";
		};
		DC4291451AB6F54700EC757D /* Products */ = {
			isa = PBXGroup;
			children = (
				DC4291441AB6F54700EC757D /* libtestDragonPod.a */,
				DC42914F1AB6F54700EC757D /* testDragonPodTests.xctest */,
			);
			name = Products;
			sourceTree = "<group>";
		};
		DC4291461AB6F54700EC757D /* testDragonPod */ = {
			isa = PBXGroup;
			children = (
				DC4291471AB6F54700EC757D /* testDragonPod.h */,
				DC4291491AB6F54700EC757D /* testDragonPod.m */,
			);
			path = testDragonPod;
			sourceTree = "<group>";
		};
		DC4291531AB6F54700EC757D /* testDragonPodTests */ = {
			isa = PBXGroup;
			children = (
				DC4291541AB6F54700EC757D /* Supporting Files */,
			);
			path = testDragonPodTests;
			sourceTree = "<group>";
		};
		DC4291541AB6F54700EC757D /* Supporting Files */ = {
			isa = PBXGroup;
			children = (
				DC4291551AB6F54700EC757D /* Info.plist */,
			);
			name = "Supporting Files";
			sourceTree = "<group>";
		};
/* End PBXGroup section */

/* Begin PBXNativeTarget section */
		DC4291431AB6F54700EC757D /* testDragonPod */ = {
			isa = PBXNativeTarget;
			buildConfigurationList = DC4291581AB6F54700EC757D /* Build configuration list for PBXNativeTarget "testDragonPod" */;
			buildPhases = (
				DC4291401AB6F54700EC757D /* Sources */,
				DC4291411AB6F54700EC757D /* Frameworks */,
				DC4291421AB6F54700EC757D /* CopyFiles */,
			);
			buildRules = (
			);
			dependencies = (
			);
			name = testDragonPod;
			productName = testDragonPod;
			productReference = DC4291441AB6F54700EC757D /* libtestDragonPod.a */;
			productType = "com.apple.product-type.library.static";
		};
		DC42914E1AB6F54700EC757D /* testDragonPodTests */ = {
			isa = PBXNativeTarget;
			buildConfigurationList = DC42915B1AB6F54700EC757D /* Build configuration list for PBXNativeTarget "testDragonPodTests" */;
			buildPhases = (
				DC42914B1AB6F54700EC757D /* Sources */,
				DC42914C1AB6F54700EC757D /* Frameworks */,
				DC42914D1AB6F54700EC757D /* Resources */,
			);
			buildRules = (
			);
			dependencies = (
				DC4291521AB6F54700EC757D /* PBXTargetDependency */,
			);
			name = testDragonPodTests;
			productName = testDragonPodTests;
			productReference = DC42914F1AB6F54700EC757D /* testDragonPodTests.xctest */;
			productType = "com.apple.product-type.bundle.unit-test";
		};
/* End PBXNativeTarget section */

/* Begin PBXProject section */
		DC42913C1AB6F54700EC757D /* Project object */ = {
			isa = PBXProject;
			attributes = {
				LastUpgradeCheck = 0610;
				ORGANIZATIONNAME = "Arjun K P";
				TargetAttributes = {
					DC4291431AB6F54700EC757D = {
						CreatedOnToolsVersion = 6.1.1;
					};
					DC42914E1AB6F54700EC757D = {
						CreatedOnToolsVersion = 6.1.1;
					};
				};
			};
			buildConfigurationList = DC42913F1AB6F54700EC757D /* Build configuration list for PBXProject "testDragonPod" */;
			compatibilityVersion = "Xcode 3.2";
			developmentRegion = English;
			hasScannedForEncodings = 0;
			knownRegions = (
				en,
			);
			mainGroup = DC42913B1AB6F54700EC757D;
			productRefGroup = DC4291451AB6F54700EC757D /* Products */;
			projectDirPath = "";
			projectRoot = "";
			targets = (
				DC4291431AB6F54700EC757D /* testDragonPod */,
				DC42914E1AB6F54700EC757D /* testDragonPodTests */,
			);
		};
/* End PBXProject section */

/* Begin PBXResourcesBuildPhase section */
		DC42914D1AB6F54700EC757D /* Resources */ = {
			isa = PBXResourcesBuildPhase;
			buildActionMask = 2147483647;
			files = (
			);
			runOnlyForDeploymentPostprocessing = 0;
		};
/* End PBXResourcesBuildPhase section */

/* Begin PBXSourcesBuildPhase section */
		DC4291401AB6F54700EC757D /* Sources */ = {
			isa = PBXSourcesBuildPhase;
			buildActionMask = 2147483647;
			files = (
				DC42914A1AB6F54700EC757D /* testDragonPod.m in Sources */,
			);
			runOnlyForDeploymentPostprocessing = 0;
		};
		DC42914B1AB6F54700EC757D /* Sources */ = {
			isa = PBXSourcesBuildPhase;
			buildActionMask = 2147483647;
			files = (
			);
			runOnlyForDeploymentPostprocessing = 0;
		};
/* End PBXSourcesBuildPhase section */

/* Begin PBXTargetDependency section */
		DC4291521AB6F54700EC757D /* PBXTargetDependency */ = {
			isa = PBXTargetDependency;
			target = DC4291431AB6F54700EC757D /* testDragonPod */;
			targetProxy = DC4291511AB6F54700EC757D /* PBXContainerItemProxy */;
		};
/* End PBXTargetDependency section */

/* Begin XCBuildConfiguration section */
		DC4291561AB6F54700EC757D /* Debug */ = {
			isa = XCBuildConfiguration;
			buildSettings = {
				ALWAYS_SEARCH_USER_PATHS = NO;
				CLANG_CXX_LANGUAGE_STANDARD = "gnu++0x";
				CLANG_CXX_LIBRARY = "libc++";
				CLANG_ENABLE_MODULES = YES;
				CLANG_ENABLE_OBJC_ARC = YES;
				CLANG_WARN_BOOL_CONVERSION = YES;
				CLANG_WARN_CONSTANT_CONVERSION = YES;
				CLANG_WARN_DIRECT_OBJC_ISA_USAGE = YES_ERROR;
				CLANG_WARN_EMPTY_BODY = YES;
				CLANG_WARN_ENUM_CONVERSION = YES;
				CLANG_WARN_INT_CONVERSION = YES;
				CLANG_WARN_OBJC_ROOT_CLASS = YES_ERROR;
				CLANG_WARN_UNREACHABLE_CODE = YES;
				CLANG_WARN__DUPLICATE_METHOD_MATCH = YES;
				COPY_PHASE_STRIP = NO;
				ENABLE_STRICT_OBJC_MSGSEND = YES;
				GCC_C_LANGUAGE_STANDARD = gnu99;
				GCC_DYNAMIC_NO_PIC = NO;
				GCC_OPTIMIZATION_LEVEL = 0;
				GCC_PREPROCESSOR_DEFINITIONS = (
					"DEBUG=1",
					"$(inherited)",
				);
				GCC_SYMBOLS_PRIVATE_EXTERN = NO;
				GCC_WARN_64_TO_32_BIT_CONVERSION = YES;
				GCC_WARN_ABOUT_RETURN_TYPE = YES_ERROR;
				GCC_WARN_UNDECLARED_SELECTOR = YES;
				GCC_WARN_UNINITIALIZED_AUTOS = YES_AGGRESSIVE;
				GCC_WARN_UNUSED_FUNCTION = YES;
				GCC_WARN_UNUSED_VARIABLE = YES;
				IPHONEOS_DEPLOYMENT_TARGET = 8.1;
				MTL_ENABLE_DEBUG_INFO = YES;
				ONLY_ACTIVE_ARCH = YES;
				SDKROOT = iphoneos;
			};
			name = Debug;
		};
		DC4291571AB6F54700EC757D /* Release */ = {
			isa = XCBuildConfiguration;
			buildSettings = {
				ALWAYS_SEARCH_USER_PATHS = NO;
				CLANG_CXX_LANGUAGE_STANDARD = "gnu++0x";
				CLANG_CXX_LIBRARY = "libc++";
				CLANG_ENABLE_MODULES = YES;
				CLANG_ENABLE_OBJC_ARC = YES;
				CLANG_WARN_BOOL_CONVERSION = YES;
				CLANG_WARN_CONSTANT_CONVERSION = YES;
				CLANG_WARN_DIRECT_OBJC_ISA_USAGE = YES_ERROR;
				CLANG_WARN_EMPTY_BODY = YES;
				CLANG_WARN_ENUM_CONVERSION = YES;
				CLANG_WARN_INT_CONVERSION = YES;
				CLANG_WARN_OBJC_ROOT_CLASS = YES_ERROR;
				CLANG_WARN_UNREACHABLE_CODE = YES;
				CLANG_WARN__DUPLICATE_METHOD_MATCH = YES;
				COPY_PHASE_STRIP = YES;
				ENABLE_NS_ASSERTIONS = NO;
				ENABLE_STRICT_OBJC_MSGSEND = YES;
				GCC_C_LANGUAGE_STANDARD = gnu99;
				GCC_WARN_64_TO_32_BIT_CONVERSION = YES;
				GCC_WARN_ABOUT_RETURN_TYPE = YES_ERROR;
				GCC_WARN_UNDECLARED_SELECTOR = YES;
				GCC_WARN_UNINITIALIZED_AUTOS = YES_AGGRESSIVE;
				GCC_WARN_UNUSED_FUNCTION = YES;
				GCC_WARN_UNUSED_VARIABLE = YES;
				IPHONEOS_DEPLOYMENT_TARGET = 8.1;
				MTL_ENABLE_DEBUG_INFO = NO;
				SDKROOT = iphoneos;
				VALIDATE_PRODUCT = YES;
			};
			name = Release;
		};
		DC4291591AB6F54700EC757D /* Debug */ = {
			isa = XCBuildConfiguration;
			buildSettings = {
				OTHER_LDFLAGS = "-ObjC";
				PRODUCT_NAME = "$(TARGET_NAME)";
				SKIP_INSTALL = YES;
			};
			name = Debug;
		};
		DC42915A1AB6F54700EC757D /* Release */ = {
			isa = XCBuildConfiguration;
			buildSettings = {
				OTHER_LDFLAGS = "-ObjC";
				PRODUCT_NAME = "$(TARGET_NAME)";
				SKIP_INSTALL = YES;
			};
			name = Release;
		};
		DC42915C1AB6F54700EC757D /* Debug */ = {
			isa = XCBuildConfiguration;
			buildSettings = {
				FRAMEWORK_SEARCH_PATHS = (
					"$(SDKROOT)/Developer/Library/Frameworks",
					"$(inherited)",
				);
				GCC_PREPROCESSOR_DEFINITIONS = (
					"DEBUG=1",
					"$(inherited)",
				);
				INFOPLIST_FILE = testDragonPodTests/Info.plist;
				LD_RUNPATH_SEARCH_PATHS = "$(inherited) @executable_path/Frameworks @loader_path/Frameworks";
				PRODUCT_NAME = "$(TARGET_NAME)";
			};
			name = Debug;
		};
		DC42915D1AB6F54700EC757D /* Release */ = {
			isa = XCBuildConfiguration;
			buildSettings = {
				FRAMEWORK_SEARCH_PATHS = (
					"$(SDKROOT)/Developer/Library/Frameworks",
					"$(inherited)",
				);
				INFOPLIST_FILE = testDragonPodTests/Info.plist;
				LD_RUNPATH_SEARCH_PATHS = "$(inherited) @executable_path/Frameworks @loader_path/Frameworks";
				PRODUCT_NAME = "$(TARGET_NAME)";
			};
			name = Release;
		};
/* End XCBuildConfiguration section */

/* Begin XCConfigurationList section */
		DC42913F1AB6F54700EC757D /* Build configuration list for PBXProject "testDragonPod" */ = {
			isa = XCConfigurationList;
			buildConfigurations = (
				DC4291561AB6F54700EC757D /* Debug */,
				DC4291571AB6F54700EC757D /* Release */,
			);
			defaultConfigurationIsVisible = 0;
			defaultConfigurationName = Release;
		};
		DC4291581AB6F54700EC757D /* Build configuration list for PBXNativeTarget "testDragonPod" */ = {
			isa = XCConfigurationList;
			buildConfigurations = (
				DC4291591AB6F54700EC757D /* Debug */,
				DC42915A1AB6F54700EC757D /* Release */,
			);
			defaultConfigurationIsVisible = 0;
		};
		DC42915B1AB6F54700EC757D /* Build configuration list for PBXNativeTarget "testDragonPodTests" */ = {
			isa = XCConfigurationList;
			buildConfigurations = (
				DC42915C1AB6F54700EC757D /* Debug */,
				DC42915D1AB6F54700EC757D /* Release */,
			);
			defaultConfigurationIsVisible = 0;
		};
/* End XCConfigurationList section */
	};
	rootObject = DC42913C1AB6F54700EC757D /* Project object */;
}
